
Microsoft Visual Studio Solution File, Format Version 12.00
# Visual Studio 2012
Project("{F184B08F-C81C-45F6-A57F-5ABD9991F28F}") = "openPI Launcher", "openPI Launcher\openPI Launcher.vbproj", "{E05E2EFA-B682-4789-8CD9-8F33F10E6AE2}"
EndProject
Global
	GlobalSection(SolutionConfigurationPlatforms) = preSolution
		Debug|Any CPU = Debug|Any CPU
		Release|Any CPU = Release|Any CPU
	EndGlobalSection
	GlobalSection(ProjectConfigurationPlatforms) = postSolution
		{E05E2EFA-B682-4789-8CD9-8F33F10E6AE2}.Debug|Any CPU.ActiveCfg = Debug|Any CPU
		{E05E2EFA-B682-4789-8CD9-8F33F10E6AE2}.Debug|Any CPU.Build.0 = Debug|Any CPU
		{E05E2EFA-B682-4789-8CD9-8F33F10E6AE2}.Release|Any CPU.ActiveCfg = Release|Any CPU
		{E05E2EFA-B682-4789-8CD9-8F33F10E6AE2}.Release|Any CPU.Build.0 = Release|Any CPU
	EndGlobalSection
	GlobalSection(SolutionProperties) = preSolution
		HideSolutionNode = FALSE
	EndGlobalSection
EndGlobal
